
Microsoft Visual Studio Solution File, Format Version 12.00
# Visual Studio Version 17
VisualStudioVersion = 17.6.33723.286
MinimumVisualStudioVersion = 10.0.40219.1
Project("{FAE04EC0-301F-11D3-BF4B-00C04F79EFBC}") = "MyFirstCalculator", "MyFirstCalculator.csproj", "{2A929605-2410-4C2B-8BFE-FAF7BAFC298A}"
EndProject
Project("{FAE04EC0-301F-11D3-BF4B-00C04F79EFBC}") = "MyFirstCalculatorTests", "..\MyFirstCalculatorTests\MyFirstCalculatorTests.csproj", "{98698883-11D4-4744-82D1-129D1FA7EBFB}"
EndProject
Global
	GlobalSection(SolutionConfigurationPlatforms) = preSolution
		Debug|Any CPU = Debug|Any CPU
		Release|Any CPU = Release|Any CPU
	EndGlobalSection
	GlobalSection(ProjectConfigurationPlatforms) = postSolution
		{2A929605-2410-4C2B-8BFE-FAF7BAFC298A}.Debug|Any CPU.ActiveCfg = Debug|Any CPU
		{2A929605-2410-4C2B-8BFE-FAF7BAFC298A}.Debug|Any CPU.Build.0 = Debug|Any CPU
		{2A929605-2410-4C2B-8BFE-FAF7BAFC298A}.Release|Any CPU.ActiveCfg = Release|Any CPU
		{2A929605-2410-4C2B-8BFE-FAF7BAFC298A}.Release|Any CPU.Build.0 = Release|Any CPU
		{98698883-11D4-4744-82D1-129D1FA7EBFB}.Debug|Any CPU.ActiveCfg = Debug|Any CPU
		{98698883-11D4-4744-82D1-129D1FA7EBFB}.Debug|Any CPU.Build.0 = Debug|Any CPU
		{98698883-11D4-4744-82D1-129D1FA7EBFB}.Release|Any CPU.ActiveCfg = Release|Any CPU
		{98698883-11D4-4744-82D1-129D1FA7EBFB}.Release|Any CPU.Build.0 = Release|Any CPU
	EndGlobalSection
	GlobalSection(SolutionProperties) = preSolution
		HideSolutionNode = FALSE
	EndGlobalSection
	GlobalSection(ExtensibilityGlobals) = postSolution
		SolutionGuid = {D678AD14-2BA2-4C29-B1CF-F40A07A42067}
	EndGlobalSection
EndGlobal
